// !$*UTF8*$!
{
	archiveVersion = 1;
	classes = {
	};
	objectVersion = 46;
	objects = {

/* Begin PBXBuildFile section */
		4D7520B31E9FDC9D004BCC6A /* AppDelegate.swift in Sources */ = {isa = PBXBuildFile; fileRef = 4D7520B21E9FDC9D004BCC6A /* AppDelegate.swift */; };
		4D7520B51E9FDC9D004BCC6A /* ViewController.swift in Sources */ = {isa = PBXBuildFile; fileRef = 4D7520B41E9FDC9D004BCC6A /* ViewController.swift */; };
		4D7520B81E9FDC9D004BCC6A /* Main.storyboard in Resources */ = {isa = PBXBuildFile; fileRef = 4D7520B61E9FDC9D004BCC6A /* Main.storyboard */; };
		4D7520BA1E9FDC9D004BCC6A /* Assets.xcassets in Resources */ = {isa = PBXBuildFile; fileRef = 4D7520B91E9FDC9D004BCC6A /* Assets.xcassets */; };
		4D7520BD1E9FDC9D004BCC6A /* LaunchScreen.storyboard in Resources */ = {isa = PBXBuildFile; fileRef = 4D7520BB1E9FDC9D004BCC6A /* LaunchScreen.storyboard */; };
		4D7520C51E9FE9CE004BCC6A /* TableViewCell.swift in Sources */ = {isa = PBXBuildFile; fileRef = 4D7520C41E9FE9CE004BCC6A /* TableViewCell.swift */; };
		4DC030B31EA14EFE00893273 /* kid.jpg in Resources */ = {isa = PBXBuildFile; fileRef = 4DC030B21EA14EFE00893273 /* kid.jpg */; };
/* End PBXBuildFile section */

/* Begin PBXFileReference section */
		4D7520AF1E9FDC9D004BCC6A /* TPATestApp.app */ = {isa = PBXFileReference; explicitFileType = wrapper.application; includeInIndex = 0; path = TPATestApp.app; sourceTree = BUILT_PRODUCTS_DIR; };
		4D7520B21E9FDC9D004BCC6A /* AppDelegate.swift */ = {isa = PBXFileReference; lastKnownFileType = sourcecode.swift; path = AppDelegate.swift; sourceTree = "<group>"; };
		4D7520B41E9FDC9D004BCC6A /* ViewController.swift */ = {isa = PBXFileReference; lastKnownFileType = sourcecode.swift; path = ViewController.swift; sourceTree = "<group>"; };
		4D7520B71E9FDC9D004BCC6A /* Base */ = {isa = PBXFileReference; lastKnownFileType = file.storyboard; name = Base; path = Base.lproj/Main.storyboard; sourceTree = "<group>"; };
		4D7520B91E9FDC9D004BCC6A /* Assets.xcassets */ = {isa = PBXFileReference; lastKnownFileType = folder.assetcatalog; path = Assets.xcassets; sourceTree = "<group>"; };
		4D7520BC1E9FDC9D004BCC6A /* Base */ = {isa = PBXFileReference; lastKnownFileType = file.storyboard; name = Base; path = Base.lproj/LaunchScreen.storyboard; sourceTree = "<group>"; };
		4D7520BE1E9FDC9D004BCC6A /* Info.plist */ = {isa = PBXFileReference; lastKnownFileType = text.plist.xml; path = Info.plist; sourceTree = "<group>"; };
		4D7520C41E9FE9CE004BCC6A /* TableViewCell.swift */ = {isa = PBXFileReference; fileEncoding = 4; lastKnownFileType = sourcecode.swift; path = TableViewCell.swift; sourceTree = "<group>"; };
		4DC030B21EA14EFE00893273 /* kid.jpg */ = {isa = PBXFileReference; lastKnownFileType = image.jpeg; path = kid.jpg; sourceTree = "<group>"; };
/* End PBXFileReference section */

/* Begin PBXFrameworksBuildPhase section */
		4D7520AC1E9FDC9D004BCC6A /* Frameworks */ = {
			isa = PBXFrameworksBuildPhase;
			buildActionMask = 2147483647;
			files = (
			);
			runOnlyForDeploymentPostprocessing = 0;
		};
/* End PBXFrameworksBuildPhase section */

/* Begin PBXGroup section */
		4D7520A61E9FDC9D004BCC6A = {
			isa = PBXGroup;
			children = (
				4D7520B11E9FDC9D004BCC6A /* TPATestApp */,
				4D7520B01E9FDC9D004BCC6A /* Products */,
			);
			sourceTree = "<group>";
		};
		4D7520B01E9FDC9D004BCC6A /* Products */ = {
			isa = PBXGroup;
			children = (
				4D7520AF1E9FDC9D004BCC6A /* TPATestApp.app */,
			);
			name = Products;
			sourceTree = "<group>";
		};
		4D7520B11E9FDC9D004BCC6A /* TPATestApp */ = {
			isa = PBXGroup;
			children = (
				4D7520B21E9FDC9D004BCC6A /* AppDelegate.swift */,
				4D7520B41E9FDC9D004BCC6A /* ViewController.swift */,
				4D7520B61E9FDC9D004BCC6A /* Main.storyboard */,
				4D7520B91E9FDC9D004BCC6A /* Assets.xcassets */,
				4D7520BB1E9FDC9D004BCC6A /* LaunchScreen.storyboard */,
				4D7520BE1E9FDC9D004BCC6A /* Info.plist */,
				4D7520C41E9FE9CE004BCC6A /* TableViewCell.swift */,
				4DC030B21EA14EFE00893273 /* kid.jpg */,
			);
			path = TPATestApp;
			sourceTree = "<group>";
		};
/* End PBXGroup section */

/* Begin PBXNativeTarget section */
		4D7520AE1E9FDC9D004BCC6A /* TPATestApp */ = {
			isa = PBXNativeTarget;
			buildConfigurationList = 4D7520C11E9FDC9D004BCC6A /* Build configuration list for PBXNativeTarget "TPATestApp" */;
			buildPhases = (
				4D7520AB1E9FDC9D004BCC6A /* Sources */,
				4D7520AC1E9FDC9D004BCC6A /* Frameworks */,
				4D7520AD1E9FDC9D004BCC6A /* Resources */,
			);
			buildRules = (
			);
			dependencies = (
			);
			name = TPATestApp;
			productName = TPATestApp;
			productReference = 4D7520AF1E9FDC9D004BCC6A /* TPATestApp.app */;
			productType = "com.apple.product-type.application";
		};
/* End PBXNativeTarget section */

/* Begin PBXProject section */
		4D7520A71E9FDC9D004BCC6A /* Project object */ = {
			isa = PBXProject;
			attributes = {
				LastSwiftUpdateCheck = 0830;
				LastUpgradeCheck = 0830;
				ORGANIZATIONNAME = "Muhammad Khan";
				TargetAttributes = {
					4D7520AE1E9FDC9D004BCC6A = {
						CreatedOnToolsVersion = 8.3;
						DevelopmentTeam = BFW29W59H3;
						ProvisioningStyle = Automatic;
					};
				};
			};
			buildConfigurationList = 4D7520AA1E9FDC9D004BCC6A /* Build configuration list for PBXProject "TPATestApp" */;
			compatibilityVersion = "Xcode 3.2";
			developmentRegion = English;
			hasScannedForEncodings = 0;
			knownRegions = (
				en,
				Base,
			);
			mainGroup = 4D7520A61E9FDC9D004BCC6A;
			productRefGroup = 4D7520B01E9FDC9D004BCC6A /* Products */;
			projectDirPath = "";
			projectRoot = "";
			targets = (
				4D7520AE1E9FDC9D004BCC6A /* TPATestApp */,
			);
		};
/* End PBXProject section */

/* Begin PBXResourcesBuildPhase section */
		4D7520AD1E9FDC9D004BCC6A /* Resources */ = {
			isa = PBXResourcesBuildPhase;
			buildActionMask = 2147483647;
			files = (
				4D7520BD1E9FDC9D004BCC6A /* LaunchScreen.storyboard in Resources */,
				4D7520BA1E9FDC9D004BCC6A /* Assets.xcassets in Resources */,
				4DC030B31EA14EFE00893273 /* kid.jpg in Resources */,
				4D7520B81E9FDC9D004BCC6A /* Main.storyboard in Resources */,
			);
			runOnlyForDeploymentPostprocessing = 0;
		};
/* End PBXResourcesBuildPhase section */

/* Begin PBXSourcesBuildPhase section */
		4D7520AB1E9FDC9D004BCC6A /* Sources */ = {
			isa = PBXSourcesBuildPhase;
			buildActionMask = 2147483647;
			files = (
				4D7520C51E9FE9CE004BCC6A /* TableViewCell.swift in Sources */,
				4D7520B51E9FDC9D004BCC6A /* ViewController.swift in Sources */,
				4D7520B31E9FDC9D004BCC6A /* AppDelegate.swift in Sources */,
			);
			runOnlyForDeploymentPostprocessing = 0;
		};
/* End PBXSourcesBuildPhase section */

/* Begin PBXVariantGroup section */
		4D7520B61E9FDC9D004BCC6A /* Main.storyboard */ = {
			isa = PBXVariantGroup;
			children = (
				4D7520B71E9FDC9D004BCC6A /* Base */,
			);
			name = Main.storyboard;
			sourceTree = "<group>";
		};
		4D7520BB1E9FDC9D004BCC6A /* LaunchScreen.storyboard */ = {
			isa = PBXVariantGroup;
			children = (
				4D7520BC1E9FDC9D004BCC6A /* Base */,
			);
			name = LaunchScreen.storyboard;
			sourceTree = "<group>";
		};
/* End PBXVariantGroup section */

/* Begin XCBuildConfiguration section */
		4D7520BF1E9FDC9D004BCC6A /* Debug */ = {
			isa = XCBuildConfiguration;
			buildSettings = {
				ALWAYS_SEARCH_USER_PATHS = NO;
				CLANG_ANALYZER_NONNULL = YES;
				CLANG_ANALYZER_NUMBER_OBJECT_CONVERSION = YES_AGGRESSIVE;
				CLANG_CXX_LANGUAGE_STANDARD = "gnu++0x";
				CLANG_CXX_LIBRARY = "libc++";
				CLANG_ENABLE_MODULES = YES;
				CLANG_ENABLE_OBJC_ARC = YES;
				CLANG_WARN_BOOL_CONVERSION = YES;
				CLANG_WARN_CONSTANT_CONVERSION = YES;
				CLANG_WARN_DIRECT_OBJC_ISA_USAGE = YES_ERROR;
				CLANG_WARN_DOCUMENTATION_COMMENTS = YES;
				CLANG_WARN_EMPTY_BODY = YES;
				CLANG_WARN_ENUM_CONVERSION = YES;
				CLANG_WARN_INFINITE_RECURSION = YES;
				CLANG_WARN_INT_CONVERSION = YES;
				CLANG_WARN_OBJC_ROOT_CLASS = YES_ERROR;
				CLANG_WARN_SUSPICIOUS_MOVE = YES;
				CLANG_WARN_UNREACHABLE_CODE = YES;
				CLANG_WARN__DUPLICATE_METHOD_MATCH = YES;
				"CODE_SIGN_IDENTITY[sdk=iphoneos*]" = "iPhone Developer";
				COPY_PHASE_STRIP = NO;
				DEBUG_INFORMATION_FORMAT = dwarf;
				ENABLE_STRICT_OBJC_MSGSEND = YES;
				ENABLE_TESTABILITY = YES;
				GCC_C_LANGUAGE_STANDARD = gnu99;
				GCC_DYNAMIC_NO_PIC = NO;
				GCC_NO_COMMON_BLOCKS = YES;
				GCC_OPTIMIZATION_LEVEL = 0;
				GCC_PREPROCESSOR_DEFINITIONS = (
					"DEBUG=1",
					"$(inherited)",
				);
				GCC_WARN_64_TO_32_BIT_CONVERSION = YES;
				GCC_WARN_ABOUT_RETURN_TYPE = YES_ERROR;
				GCC_WARN_UNDECLARED_SELECTOR = YES;
				GCC_WARN_UNINITIALIZED_AUTOS = YES_AGGRESSIVE;
				GCC_WARN_UNUSED_FUNCTION = YES;
				GCC_WARN_UNUSED_VARIABLE = YES;
				IPHONEOS_DEPLOYMENT_TARGET = 10.3;
				MTL_ENABLE_DEBUG_INFO = YES;
				ONLY_ACTIVE_ARCH = YES;
				SDKROOT = iphoneos;
				SWIFT_ACTIVE_COMPILATION_CONDITIONS = DEBUG;
				SWIFT_OPTIMIZATION_LEVEL = "-Onone";
			};
			name = Debug;
		};
		4D7520C01E9FDC9D004BCC6A /* Release */ = {
			isa = XCBuildConfiguration;
			buildSettings = {
				ALWAYS_SEARCH_USER_PATHS = NO;
				CLANG_ANALYZER_NONNULL = YES;
				CLANG_ANALYZER_NUMBER_OBJECT_CONVERSION = YES_AGGRESSIVE;
				CLANG_CXX_LANGUAGE_STANDARD = "gnu++0x";
				CLANG_CXX_LIBRARY = "libc++";
				CLANG_ENABLE_MODULES = YES;
				CLANG_ENABLE_OBJC_ARC = YES;
				CLANG_WARN_BOOL_CONVERSION = YES;
				CLANG_WARN_CONSTANT_CONVERSION = YES;
				CLANG_WARN_DIRECT_OBJC_ISA_USAGE = YES_ERROR;
				CLANG_WARN_DOCUMENTATION_COMMENTS = YES;
				CLANG_WARN_EMPTY_BODY = YES;
				CLANG_WARN_ENUM_CONVERSION = YES;
				CLANG_WARN_INFINITE_RECURSION = YES;
				CLANG_WARN_INT_CONVERSION = YES;
				CLANG_WARN_OBJC_ROOT_CLASS = YES_ERROR;
				CLANG_WARN_SUSPICIOUS_MOVE = YES;
				CLANG_WARN_UNREACHABLE_CODE = YES;
				CLANG_WARN__DUPLICATE_METHOD_MATCH = YES;
				"CODE_SIGN_IDENTITY[sdk=iphoneos*]" = "iPhone Developer";
				COPY_PHASE_STRIP = NO;
				DEBUG_INFORMATION_FORMAT = "dwarf-with-dsym";
				ENABLE_NS_ASSERTIONS = NO;
				ENABLE_STRICT_OBJC_MSGSEND = YES;
				GCC_C_LANGUAGE_STANDARD = gnu99;
				GCC_NO_COMMON_BLOCKS = YES;
				GCC_WARN_64_TO_32_BIT_CONVERSION = YES;
				GCC_WARN_ABOUT_RETURN_TYPE = YES_ERROR;
				GCC_WARN_UNDECLARED_SELECTOR = YES;
				GCC_WARN_UNINITIALIZED_AUTOS = YES_AGGRESSIVE;
				GCC_WARN_UNUSED_FUNCTION = YES;
				GCC_WARN_UNUSED_VARIABLE = YES;
				IPHONEOS_DEPLOYMENT_TARGET = 10.3;
				MTL_ENABLE_DEBUG_INFO = NO;
				SDKROOT = iphoneos;
				SWIFT_OPTIMIZATION_LEVEL = "-Owholemodule";
				VALIDATE_PRODUCT = YES;
			};
			name = Release;
		};
		4D7520C21E9FDC9D004BCC6A /* Debug */ = {
			isa = XCBuildConfiguration;
			buildSettings = {
				ASSETCATALOG_COMPILER_APPICON_NAME = AppIcon;
				DEVELOPMENT_TEAM = BFW29W59H3;
				INFOPLIST_FILE = TPATestApp/Info.plist;
				LD_RUNPATH_SEARCH_PATHS = "$(inherited) @executable_path/Frameworks";
				PRODUCT_BUNDLE_IDENTIFIER = com.mkapps.TPATestApp;
				PRODUCT_NAME = "$(TARGET_NAME)";
				SWIFT_VERSION = 3.0;
			};
			name = Debug;
		};
		4D7520C31E9FDC9D004BCC6A /* Release */ = {
			isa = XCBuildConfiguration;
			buildSettings = {
				ASSETCATALOG_COMPILER_APPICON_NAME = AppIcon;
				DEVELOPMENT_TEAM = BFW29W59H3;
				INFOPLIST_FILE = TPATestApp/Info.plist;
				LD_RUNPATH_SEARCH_PATHS = "$(inherited) @executable_path/Frameworks";
				PRODUCT_BUNDLE_IDENTIFIER = com.mkapps.TPATestApp;
				PRODUCT_NAME = "$(TARGET_NAME)";
				SWIFT_VERSION = 3.0;
			};
			name = Release;
		};
/* End XCBuildConfiguration section */

/* Begin XCConfigurationList section */
		4D7520AA1E9FDC9D004BCC6A /* Build configuration list for PBXProject "TPATestApp" */ = {
			isa = XCConfigurationList;
			buildConfigurations = (
				4D7520BF1E9FDC9D004BCC6A /* Debug */,
				4D7520C01E9FDC9D004BCC6A /* Release */,
			);
			defaultConfigurationIsVisible = 0;
			defaultConfigurationName = Release;
		};
		4D7520C11E9FDC9D004BCC6A /* Build configuration list for PBXNativeTarget "TPATestApp" */ = {
			isa = XCConfigurationList;
			buildConfigurations = (
				4D7520C21E9FDC9D004BCC6A /* Debug */,
				4D7520C31E9FDC9D004BCC6A /* Release */,
			);
			defaultConfigurationIsVisible = 0;
			defaultConfigurationName = Release;
		};
/* End XCConfigurationList section */
	};
	rootObject = 4D7520A71E9FDC9D004BCC6A /* Project object */;
}
