// !$*UTF8*$!
{
	archiveVersion = 1;
	classes = {
	};
	objectVersion = 46;
	objects = {

/* Begin PBXBuildFile section */
		4DC030C11EA1512300893273 /* AppDelegate.swift in Sources */ = {isa = PBXBuildFile; fileRef = 4DC030C01EA1512300893273 /* AppDelegate.swift */; };
		4DC030C31EA1512300893273 /* ViewController.swift in Sources */ = {isa = PBXBuildFile; fileRef = 4DC030C21EA1512300893273 /* ViewController.swift */; };
		4DC030C61EA1512300893273 /* Main.storyboard in Resources */ = {isa = PBXBuildFile; fileRef = 4DC030C41EA1512300893273 /* Main.storyboard */; };
		4DC030C81EA1512300893273 /* Assets.xcassets in Resources */ = {isa = PBXBuildFile; fileRef = 4DC030C71EA1512300893273 /* Assets.xcassets */; };
		4DC030CB1EA1512300893273 /* LaunchScreen.storyboard in Resources */ = {isa = PBXBuildFile; fileRef = 4DC030C91EA1512300893273 /* LaunchScreen.storyboard */; };
		4DC030D31EA153E800893273 /* CustomTableViewCell.swift in Sources */ = {isa = PBXBuildFile; fileRef = 4DC030D21EA153E800893273 /* CustomTableViewCell.swift */; };
		B3F9DE666603D4B6B62F58B2 /* Pods_TPA_Json_Test.framework in Frameworks */ = {isa = PBXBuildFile; fileRef = 2438E9853361A7ECA517CB47 /* Pods_TPA_Json_Test.framework */; };
/* End PBXBuildFile section */

/* Begin PBXFileReference section */
		2438E9853361A7ECA517CB47 /* Pods_TPA_Json_Test.framework */ = {isa = PBXFileReference; explicitFileType = wrapper.framework; includeInIndex = 0; path = Pods_TPA_Json_Test.framework; sourceTree = BUILT_PRODUCTS_DIR; };
		36D2D815711E56E5F3DC4062 /* Pods-TPA-Json-Test.release.xcconfig */ = {isa = PBXFileReference; includeInIndex = 1; lastKnownFileType = text.xcconfig; name = "Pods-TPA-Json-Test.release.xcconfig"; path = "Pods/Target Support Files/Pods-TPA-Json-Test/Pods-TPA-Json-Test.release.xcconfig"; sourceTree = "<group>"; };
		4DC030BD1EA1512300893273 /* TPA-Json-Test.app */ = {isa = PBXFileReference; explicitFileType = wrapper.application; includeInIndex = 0; path = "TPA-Json-Test.app"; sourceTree = BUILT_PRODUCTS_DIR; };
		4DC030C01EA1512300893273 /* AppDelegate.swift */ = {isa = PBXFileReference; lastKnownFileType = sourcecode.swift; path = AppDelegate.swift; sourceTree = "<group>"; };
		4DC030C21EA1512300893273 /* ViewController.swift */ = {isa = PBXFileReference; lastKnownFileType = sourcecode.swift; path = ViewController.swift; sourceTree = "<group>"; };
		4DC030C51EA1512300893273 /* Base */ = {isa = PBXFileReference; lastKnownFileType = file.storyboard; name = Base; path = Base.lproj/Main.storyboard; sourceTree = "<group>"; };
		4DC030C71EA1512300893273 /* Assets.xcassets */ = {isa = PBXFileReference; lastKnownFileType = folder.assetcatalog; path = Assets.xcassets; sourceTree = "<group>"; };
		4DC030CA1EA1512300893273 /* Base */ = {isa = PBXFileReference; lastKnownFileType = file.storyboard; name = Base; path = Base.lproj/LaunchScreen.storyboard; sourceTree = "<group>"; };
		4DC030CC1EA1512300893273 /* Info.plist */ = {isa = PBXFileReference; lastKnownFileType = text.plist.xml; path = Info.plist; sourceTree = "<group>"; };
		4DC030D21EA153E800893273 /* CustomTableViewCell.swift */ = {isa = PBXFileReference; fileEncoding = 4; lastKnownFileType = sourcecode.swift; path = CustomTableViewCell.swift; sourceTree = "<group>"; };
		5E00651822B26F873717A8E9 /* Pods-TPA-Json-Test.debug.xcconfig */ = {isa = PBXFileReference; includeInIndex = 1; lastKnownFileType = text.xcconfig; name = "Pods-TPA-Json-Test.debug.xcconfig"; path = "Pods/Target Support Files/Pods-TPA-Json-Test/Pods-TPA-Json-Test.debug.xcconfig"; sourceTree = "<group>"; };
/* End PBXFileReference section */

/* Begin PBXFrameworksBuildPhase section */
		4DC030BA1EA1512300893273 /* Frameworks */ = {
			isa = PBXFrameworksBuildPhase;
			buildActionMask = 2147483647;
			files = (
				B3F9DE666603D4B6B62F58B2 /* Pods_TPA_Json_Test.framework in Frameworks */,
			);
			runOnlyForDeploymentPostprocessing = 0;
		};
/* End PBXFrameworksBuildPhase section */

/* Begin PBXGroup section */
		067EF176605CD2CA5A885FD4 /* Pods */ = {
			isa = PBXGroup;
			children = (
				5E00651822B26F873717A8E9 /* Pods-TPA-Json-Test.debug.xcconfig */,
				36D2D815711E56E5F3DC4062 /* Pods-TPA-Json-Test.release.xcconfig */,
			);
			name = Pods;
			sourceTree = "<group>";
		};
		36F4FFCD4C2DBCF100B03642 /* Frameworks */ = {
			isa = PBXGroup;
			children = (
				2438E9853361A7ECA517CB47 /* Pods_TPA_Json_Test.framework */,
			);
			name = Frameworks;
			sourceTree = "<group>";
		};
		4DC030B41EA1512300893273 = {
			isa = PBXGroup;
			children = (
				4DC030BF1EA1512300893273 /* TPA-Json-Test */,
				4DC030BE1EA1512300893273 /* Products */,
				067EF176605CD2CA5A885FD4 /* Pods */,
				36F4FFCD4C2DBCF100B03642 /* Frameworks */,
			);
			sourceTree = "<group>";
		};
		4DC030BE1EA1512300893273 /* Products */ = {
			isa = PBXGroup;
			children = (
				4DC030BD1EA1512300893273 /* TPA-Json-Test.app */,
			);
			name = Products;
			sourceTree = "<group>";
		};
		4DC030BF1EA1512300893273 /* TPA-Json-Test */ = {
			isa = PBXGroup;
			children = (
				4DC030C01EA1512300893273 /* AppDelegate.swift */,
				4DC030C21EA1512300893273 /* ViewController.swift */,
				4DC030C41EA1512300893273 /* Main.storyboard */,
				4DC030C71EA1512300893273 /* Assets.xcassets */,
				4DC030C91EA1512300893273 /* LaunchScreen.storyboard */,
				4DC030CC1EA1512300893273 /* Info.plist */,
				4DC030D21EA153E800893273 /* CustomTableViewCell.swift */,
			);
			path = "TPA-Json-Test";
			sourceTree = "<group>";
		};
/* End PBXGroup section */

/* Begin PBXNativeTarget section */
		4DC030BC1EA1512300893273 /* TPA-Json-Test */ = {
			isa = PBXNativeTarget;
			buildConfigurationList = 4DC030CF1EA1512300893273 /* Build configuration list for PBXNativeTarget "TPA-Json-Test" */;
			buildPhases = (
				35BC9C3D3C5ACE97FFCFCCD0 /* [CP] Check Pods Manifest.lock */,
				4DC030B91EA1512300893273 /* Sources */,
				4DC030BA1EA1512300893273 /* Frameworks */,
				4DC030BB1EA1512300893273 /* Resources */,
				24AAD7B2D3D98D3F23C3A138 /* [CP] Embed Pods Frameworks */,
				02535A405EBD883A361A03B1 /* [CP] Copy Pods Resources */,
			);
			buildRules = (
			);
			dependencies = (
			);
			name = "TPA-Json-Test";
			productName = "TPA-Json-Test";
			productReference = 4DC030BD1EA1512300893273 /* TPA-Json-Test.app */;
			productType = "com.apple.product-type.application";
		};
/* End PBXNativeTarget section */

/* Begin PBXProject section */
		4DC030B51EA1512300893273 /* Project object */ = {
			isa = PBXProject;
			attributes = {
				LastSwiftUpdateCheck = 0830;
				LastUpgradeCheck = 0830;
				ORGANIZATIONNAME = "Muhammad Khan";
				TargetAttributes = {
					4DC030BC1EA1512300893273 = {
						CreatedOnToolsVersion = 8.3;
						DevelopmentTeam = BFW29W59H3;
						ProvisioningStyle = Automatic;
					};
				};
			};
			buildConfigurationList = 4DC030B81EA1512300893273 /* Build configuration list for PBXProject "TPA-Json-Test" */;
			compatibilityVersion = "Xcode 3.2";
			developmentRegion = English;
			hasScannedForEncodings = 0;
			knownRegions = (
				en,
				Base,
			);
			mainGroup = 4DC030B41EA1512300893273;
			productRefGroup = 4DC030BE1EA1512300893273 /* Products */;
			projectDirPath = "";
			projectRoot = "";
			targets = (
				4DC030BC1EA1512300893273 /* TPA-Json-Test */,
			);
		};
/* End PBXProject section */

/* Begin PBXResourcesBuildPhase section */
		4DC030BB1EA1512300893273 /* Resources */ = {
			isa = PBXResourcesBuildPhase;
			buildActionMask = 2147483647;
			files = (
				4DC030CB1EA1512300893273 /* LaunchScreen.storyboard in Resources */,
				4DC030C81EA1512300893273 /* Assets.xcassets in Resources */,
				4DC030C61EA1512300893273 /* Main.storyboard in Resources */,
			);
			runOnlyForDeploymentPostprocessing = 0;
		};
/* End PBXResourcesBuildPhase section */

/* Begin PBXShellScriptBuildPhase section */
		02535A405EBD883A361A03B1 /* [CP] Copy Pods Resources */ = {
			isa = PBXShellScriptBuildPhase;
			buildActionMask = 2147483647;
			files = (
			);
			inputPaths = (
			);
			name = "[CP] Copy Pods Resources";
			outputPaths = (
			);
			runOnlyForDeploymentPostprocessing = 0;
			shellPath = /bin/sh;
			shellScript = "\"${SRCROOT}/Pods/Target Support Files/Pods-TPA-Json-Test/Pods-TPA-Json-Test-resources.sh\"\n";
			showEnvVarsInLog = 0;
		};
		24AAD7B2D3D98D3F23C3A138 /* [CP] Embed Pods Frameworks */ = {
			isa = PBXShellScriptBuildPhase;
			buildActionMask = 2147483647;
			files = (
			);
			inputPaths = (
			);
			name = "[CP] Embed Pods Frameworks";
			outputPaths = (
			);
			runOnlyForDeploymentPostprocessing = 0;
			shellPath = /bin/sh;
			shellScript = "\"${SRCROOT}/Pods/Target Support Files/Pods-TPA-Json-Test/Pods-TPA-Json-Test-frameworks.sh\"\n";
			showEnvVarsInLog = 0;
		};
		35BC9C3D3C5ACE97FFCFCCD0 /* [CP] Check Pods Manifest.lock */ = {
			isa = PBXShellScriptBuildPhase;
			buildActionMask = 2147483647;
			files = (
			);
			inputPaths = (
			);
			name = "[CP] Check Pods Manifest.lock";
			outputPaths = (
			);
			runOnlyForDeploymentPostprocessing = 0;
			shellPath = /bin/sh;
			shellScript = "diff \"${PODS_ROOT}/../Podfile.lock\" \"${PODS_ROOT}/Manifest.lock\" > /dev/null\nif [ $? != 0 ] ; then\n    # print error to STDERR\n    echo \"error: The sandbox is not in sync with the Podfile.lock. Run 'pod install' or update your CocoaPods installation.\" >&2\n    exit 1\nfi\n";
			showEnvVarsInLog = 0;
		};
/* End PBXShellScriptBuildPhase section */

/* Begin PBXSourcesBuildPhase section */
		4DC030B91EA1512300893273 /* Sources */ = {
			isa = PBXSourcesBuildPhase;
			buildActionMask = 2147483647;
			files = (
				4DC030D31EA153E800893273 /* CustomTableViewCell.swift in Sources */,
				4DC030C31EA1512300893273 /* ViewController.swift in Sources */,
				4DC030C11EA1512300893273 /* AppDelegate.swift in Sources */,
			);
			runOnlyForDeploymentPostprocessing = 0;
		};
/* End PBXSourcesBuildPhase section */

/* Begin PBXVariantGroup section */
		4DC030C41EA1512300893273 /* Main.storyboard */ = {
			isa = PBXVariantGroup;
			children = (
				4DC030C51EA1512300893273 /* Base */,
			);
			name = Main.storyboard;
			sourceTree = "<group>";
		};
		4DC030C91EA1512300893273 /* LaunchScreen.storyboard */ = {
			isa = PBXVariantGroup;
			children = (
				4DC030CA1EA1512300893273 /* Base */,
			);
			name = LaunchScreen.storyboard;
			sourceTree = "<group>";
		};
/* End PBXVariantGroup section */

/* Begin XCBuildConfiguration section */
		4DC030CD1EA1512300893273 /* Debug */ = {
			isa = XCBuildConfiguration;
			buildSettings = {
				ALWAYS_SEARCH_USER_PATHS = NO;
				CLANG_ANALYZER_NONNULL = YES;
				CLANG_ANALYZER_NUMBER_OBJECT_CONVERSION = YES_AGGRESSIVE;
				CLANG_CXX_LANGUAGE_STANDARD = "gnu++0x";
				CLANG_CXX_LIBRARY = "libc++";
				CLANG_ENABLE_MODULES = YES;
				CLANG_ENABLE_OBJC_ARC = YES;
				CLANG_WARN_BOOL_CONVERSION = YES;
				CLANG_WARN_CONSTANT_CONVERSION = YES;
				CLANG_WARN_DIRECT_OBJC_ISA_USAGE = YES_ERROR;
				CLANG_WARN_DOCUMENTATION_COMMENTS = YES;
				CLANG_WARN_EMPTY_BODY = YES;
				CLANG_WARN_ENUM_CONVERSION = YES;
				CLANG_WARN_INFINITE_RECURSION = YES;
				CLANG_WARN_INT_CONVERSION = YES;
				CLANG_WARN_OBJC_ROOT_CLASS = YES_ERROR;
				CLANG_WARN_SUSPICIOUS_MOVE = YES;
				CLANG_WARN_UNREACHABLE_CODE = YES;
				CLANG_WARN__DUPLICATE_METHOD_MATCH = YES;
				"CODE_SIGN_IDENTITY[sdk=iphoneos*]" = "iPhone Developer";
				COPY_PHASE_STRIP = NO;
				DEBUG_INFORMATION_FORMAT = dwarf;
				ENABLE_STRICT_OBJC_MSGSEND = YES;
				ENABLE_TESTABILITY = YES;
				GCC_C_LANGUAGE_STANDARD = gnu99;
				GCC_DYNAMIC_NO_PIC = NO;
				GCC_NO_COMMON_BLOCKS = YES;
				GCC_OPTIMIZATION_LEVEL = 0;
				GCC_PREPROCESSOR_DEFINITIONS = (
					"DEBUG=1",
					"$(inherited)",
				);
				GCC_WARN_64_TO_32_BIT_CONVERSION = YES;
				GCC_WARN_ABOUT_RETURN_TYPE = YES_ERROR;
				GCC_WARN_UNDECLARED_SELECTOR = YES;
				GCC_WARN_UNINITIALIZED_AUTOS = YES_AGGRESSIVE;
				GCC_WARN_UNUSED_FUNCTION = YES;
				GCC_WARN_UNUSED_VARIABLE = YES;
				IPHONEOS_DEPLOYMENT_TARGET = 10.3;
				MTL_ENABLE_DEBUG_INFO = YES;
				ONLY_ACTIVE_ARCH = YES;
				SDKROOT = iphoneos;
				SWIFT_ACTIVE_COMPILATION_CONDITIONS = DEBUG;
				SWIFT_OPTIMIZATION_LEVEL = "-Onone";
			};
			name = Debug;
		};
		4DC030CE1EA1512300893273 /* Release */ = {
			isa = XCBuildConfiguration;
			buildSettings = {
				ALWAYS_SEARCH_USER_PATHS = NO;
				CLANG_ANALYZER_NONNULL = YES;
				CLANG_ANALYZER_NUMBER_OBJECT_CONVERSION = YES_AGGRESSIVE;
				CLANG_CXX_LANGUAGE_STANDARD = "gnu++0x";
				CLANG_CXX_LIBRARY = "libc++";
				CLANG_ENABLE_MODULES = YES;
				CLANG_ENABLE_OBJC_ARC = YES;
				CLANG_WARN_BOOL_CONVERSION = YES;
				CLANG_WARN_CONSTANT_CONVERSION = YES;
				CLANG_WARN_DIRECT_OBJC_ISA_USAGE = YES_ERROR;
				CLANG_WARN_DOCUMENTATION_COMMENTS = YES;
				CLANG_WARN_EMPTY_BODY = YES;
				CLANG_WARN_ENUM_CONVERSION = YES;
				CLANG_WARN_INFINITE_RECURSION = YES;
				CLANG_WARN_INT_CONVERSION = YES;
				CLANG_WARN_OBJC_ROOT_CLASS = YES_ERROR;
				CLANG_WARN_SUSPICIOUS_MOVE = YES;
				CLANG_WARN_UNREACHABLE_CODE = YES;
				CLANG_WARN__DUPLICATE_METHOD_MATCH = YES;
				"CODE_SIGN_IDENTITY[sdk=iphoneos*]" = "iPhone Developer";
				COPY_PHASE_STRIP = NO;
				DEBUG_INFORMATION_FORMAT = "dwarf-with-dsym";
				ENABLE_NS_ASSERTIONS = NO;
				ENABLE_STRICT_OBJC_MSGSEND = YES;
				GCC_C_LANGUAGE_STANDARD = gnu99;
				GCC_NO_COMMON_BLOCKS = YES;
				GCC_WARN_64_TO_32_BIT_CONVERSION = YES;
				GCC_WARN_ABOUT_RETURN_TYPE = YES_ERROR;
				GCC_WARN_UNDECLARED_SELECTOR = YES;
				GCC_WARN_UNINITIALIZED_AUTOS = YES_AGGRESSIVE;
				GCC_WARN_UNUSED_FUNCTION = YES;
				GCC_WARN_UNUSED_VARIABLE = YES;
				IPHONEOS_DEPLOYMENT_TARGET = 10.3;
				MTL_ENABLE_DEBUG_INFO = NO;
				SDKROOT = iphoneos;
				SWIFT_OPTIMIZATION_LEVEL = "-Owholemodule";
				VALIDATE_PRODUCT = YES;
			};
			name = Release;
		};
		4DC030D01EA1512300893273 /* Debug */ = {
			isa = XCBuildConfiguration;
			baseConfigurationReference = 5E00651822B26F873717A8E9 /* Pods-TPA-Json-Test.debug.xcconfig */;
			buildSettings = {
				ASSETCATALOG_COMPILER_APPICON_NAME = AppIcon;
				DEVELOPMENT_TEAM = BFW29W59H3;
				INFOPLIST_FILE = "TPA-Json-Test/Info.plist";
				LD_RUNPATH_SEARCH_PATHS = "$(inherited) @executable_path/Frameworks";
				PRODUCT_BUNDLE_IDENTIFIER = "com.mkapps.TPA-Json-Test";
				PRODUCT_NAME = "$(TARGET_NAME)";
				SWIFT_VERSION = 3.0;
			};
			name = Debug;
		};
		4DC030D11EA1512300893273 /* Release */ = {
			isa = XCBuildConfiguration;
			baseConfigurationReference = 36D2D815711E56E5F3DC4062 /* Pods-TPA-Json-Test.release.xcconfig */;
			buildSettings = {
				ASSETCATALOG_COMPILER_APPICON_NAME = AppIcon;
				DEVELOPMENT_TEAM = BFW29W59H3;
				INFOPLIST_FILE = "TPA-Json-Test/Info.plist";
				LD_RUNPATH_SEARCH_PATHS = "$(inherited) @executable_path/Frameworks";
				PRODUCT_BUNDLE_IDENTIFIER = "com.mkapps.TPA-Json-Test";
				PRODUCT_NAME = "$(TARGET_NAME)";
				SWIFT_VERSION = 3.0;
			};
			name = Release;
		};
/* End XCBuildConfiguration section */

/* Begin XCConfigurationList section */
		4DC030B81EA1512300893273 /* Build configuration list for PBXProject "TPA-Json-Test" */ = {
			isa = XCConfigurationList;
			buildConfigurations = (
				4DC030CD1EA1512300893273 /* Debug */,
				4DC030CE1EA1512300893273 /* Release */,
			);
			defaultConfigurationIsVisible = 0;
			defaultConfigurationName = Release;
		};
		4DC030CF1EA1512300893273 /* Build configuration list for PBXNativeTarget "TPA-Json-Test" */ = {
			isa = XCConfigurationList;
			buildConfigurations = (
				4DC030D01EA1512300893273 /* Debug */,
				4DC030D11EA1512300893273 /* Release */,
			);
			defaultConfigurationIsVisible = 0;
			defaultConfigurationName = Release;
		};
/* End XCConfigurationList section */
	};
	rootObject = 4DC030B51EA1512300893273 /* Project object */;
}
