// !$*UTF8*$!
{
	archiveVersion = 1;
	classes = {
	};
	objectVersion = 46;
	objects = {

/* Begin PBXBuildFile section */
		0861B3277C6381C68B109011 /* Pods_WeatherApp.framework in Frameworks */ = {isa = PBXBuildFile; fileRef = 4AA3ADCDF2CE5319051CF698 /* Pods_WeatherApp.framework */; };
		4D0810E11E7D18E8007D15CC /* Constants.swift in Sources */ = {isa = PBXBuildFile; fileRef = 4D0810E01E7D18E8007D15CC /* Constants.swift */; };
		4D0810E31E7D1C9E007D15CC /* CurrentWeather.swift in Sources */ = {isa = PBXBuildFile; fileRef = 4D0810E21E7D1C9E007D15CC /* CurrentWeather.swift */; };
		4D501F111E7B16E800F649CB /* AppDelegate.swift in Sources */ = {isa = PBXBuildFile; fileRef = 4D501F101E7B16E800F649CB /* AppDelegate.swift */; };
		4D501F131E7B16E800F649CB /* WeatherVC.swift in Sources */ = {isa = PBXBuildFile; fileRef = 4D501F121E7B16E800F649CB /* WeatherVC.swift */; };
		4D501F161E7B16E800F649CB /* Main.storyboard in Resources */ = {isa = PBXBuildFile; fileRef = 4D501F141E7B16E800F649CB /* Main.storyboard */; };
		4D501F181E7B16E800F649CB /* Assets.xcassets in Resources */ = {isa = PBXBuildFile; fileRef = 4D501F171E7B16E800F649CB /* Assets.xcassets */; };
		4D501F1B1E7B16E800F649CB /* LaunchScreen.storyboard in Resources */ = {isa = PBXBuildFile; fileRef = 4D501F191E7B16E800F649CB /* LaunchScreen.storyboard */; };
/* End PBXBuildFile section */

/* Begin PBXFileReference section */
		2AD75F9A11E5FCFED0DE988D /* Pods-WeatherApp.release.xcconfig */ = {isa = PBXFileReference; includeInIndex = 1; lastKnownFileType = text.xcconfig; name = "Pods-WeatherApp.release.xcconfig"; path = "Pods/Target Support Files/Pods-WeatherApp/Pods-WeatherApp.release.xcconfig"; sourceTree = "<group>"; };
		4AA3ADCDF2CE5319051CF698 /* Pods_WeatherApp.framework */ = {isa = PBXFileReference; explicitFileType = wrapper.framework; includeInIndex = 0; path = Pods_WeatherApp.framework; sourceTree = BUILT_PRODUCTS_DIR; };
		4D0810E01E7D18E8007D15CC /* Constants.swift */ = {isa = PBXFileReference; fileEncoding = 4; lastKnownFileType = sourcecode.swift; path = Constants.swift; sourceTree = "<group>"; };
		4D0810E21E7D1C9E007D15CC /* CurrentWeather.swift */ = {isa = PBXFileReference; fileEncoding = 4; lastKnownFileType = sourcecode.swift; path = CurrentWeather.swift; sourceTree = "<group>"; };
		4D501F0D1E7B16E800F649CB /* WeatherApp.app */ = {isa = PBXFileReference; explicitFileType = wrapper.application; includeInIndex = 0; path = WeatherApp.app; sourceTree = BUILT_PRODUCTS_DIR; };
		4D501F101E7B16E800F649CB /* AppDelegate.swift */ = {isa = PBXFileReference; lastKnownFileType = sourcecode.swift; path = AppDelegate.swift; sourceTree = "<group>"; };
		4D501F121E7B16E800F649CB /* WeatherVC.swift */ = {isa = PBXFileReference; lastKnownFileType = sourcecode.swift; path = WeatherVC.swift; sourceTree = "<group>"; };
		4D501F151E7B16E800F649CB /* Base */ = {isa = PBXFileReference; lastKnownFileType = file.storyboard; name = Base; path = Base.lproj/Main.storyboard; sourceTree = "<group>"; };
		4D501F171E7B16E800F649CB /* Assets.xcassets */ = {isa = PBXFileReference; lastKnownFileType = folder.assetcatalog; path = Assets.xcassets; sourceTree = "<group>"; };
		4D501F1A1E7B16E800F649CB /* Base */ = {isa = PBXFileReference; lastKnownFileType = file.storyboard; name = Base; path = Base.lproj/LaunchScreen.storyboard; sourceTree = "<group>"; };
		4D501F1C1E7B16E800F649CB /* Info.plist */ = {isa = PBXFileReference; lastKnownFileType = text.plist.xml; path = Info.plist; sourceTree = "<group>"; };
		ED31E611E0E6576B1336C9FE /* Pods-WeatherApp.debug.xcconfig */ = {isa = PBXFileReference; includeInIndex = 1; lastKnownFileType = text.xcconfig; name = "Pods-WeatherApp.debug.xcconfig"; path = "Pods/Target Support Files/Pods-WeatherApp/Pods-WeatherApp.debug.xcconfig"; sourceTree = "<group>"; };
/* End PBXFileReference section */

/* Begin PBXFrameworksBuildPhase section */
		4D501F0A1E7B16E800F649CB /* Frameworks */ = {
			isa = PBXFrameworksBuildPhase;
			buildActionMask = 2147483647;
			files = (
				0861B3277C6381C68B109011 /* Pods_WeatherApp.framework in Frameworks */,
			);
			runOnlyForDeploymentPostprocessing = 0;
		};
/* End PBXFrameworksBuildPhase section */

/* Begin PBXGroup section */
		4D501F041E7B16E700F649CB = {
			isa = PBXGroup;
			children = (
				4D501F0F1E7B16E800F649CB /* WeatherApp */,
				4D501F0E1E7B16E800F649CB /* Products */,
				E8DBBEB19E1215926170472B /* Pods */,
				E80925D5FA07A62DC8F7F20F /* Frameworks */,
			);
			sourceTree = "<group>";
		};
		4D501F0E1E7B16E800F649CB /* Products */ = {
			isa = PBXGroup;
			children = (
				4D501F0D1E7B16E800F649CB /* WeatherApp.app */,
			);
			name = Products;
			sourceTree = "<group>";
		};
		4D501F0F1E7B16E800F649CB /* WeatherApp */ = {
			isa = PBXGroup;
			children = (
				4D501F101E7B16E800F649CB /* AppDelegate.swift */,
				4D501F121E7B16E800F649CB /* WeatherVC.swift */,
				4D501F141E7B16E800F649CB /* Main.storyboard */,
				4D501F171E7B16E800F649CB /* Assets.xcassets */,
				4D501F191E7B16E800F649CB /* LaunchScreen.storyboard */,
				4D501F1C1E7B16E800F649CB /* Info.plist */,
				4D0810E01E7D18E8007D15CC /* Constants.swift */,
				4D0810E21E7D1C9E007D15CC /* CurrentWeather.swift */,
			);
			path = WeatherApp;
			sourceTree = "<group>";
		};
		E80925D5FA07A62DC8F7F20F /* Frameworks */ = {
			isa = PBXGroup;
			children = (
				4AA3ADCDF2CE5319051CF698 /* Pods_WeatherApp.framework */,
			);
			name = Frameworks;
			sourceTree = "<group>";
		};
		E8DBBEB19E1215926170472B /* Pods */ = {
			isa = PBXGroup;
			children = (
				ED31E611E0E6576B1336C9FE /* Pods-WeatherApp.debug.xcconfig */,
				2AD75F9A11E5FCFED0DE988D /* Pods-WeatherApp.release.xcconfig */,
			);
			name = Pods;
			sourceTree = "<group>";
		};
/* End PBXGroup section */

/* Begin PBXNativeTarget section */
		4D501F0C1E7B16E800F649CB /* WeatherApp */ = {
			isa = PBXNativeTarget;
			buildConfigurationList = 4D501F1F1E7B16E800F649CB /* Build configuration list for PBXNativeTarget "WeatherApp" */;
			buildPhases = (
				1CA2B4341D8DD123C5B8FF1B /* [CP] Check Pods Manifest.lock */,
				4D501F091E7B16E800F649CB /* Sources */,
				4D501F0A1E7B16E800F649CB /* Frameworks */,
				4D501F0B1E7B16E800F649CB /* Resources */,
				8546BB3FF6F0E90F93AC8263 /* [CP] Embed Pods Frameworks */,
				4B804FEE2DE97A223D5E4835 /* [CP] Copy Pods Resources */,
			);
			buildRules = (
			);
			dependencies = (
			);
			name = WeatherApp;
			productName = WeatherApp;
			productReference = 4D501F0D1E7B16E800F649CB /* WeatherApp.app */;
			productType = "com.apple.product-type.application";
		};
/* End PBXNativeTarget section */

/* Begin PBXProject section */
		4D501F051E7B16E700F649CB /* Project object */ = {
			isa = PBXProject;
			attributes = {
				LastSwiftUpdateCheck = 0820;
				LastUpgradeCheck = 0820;
				ORGANIZATIONNAME = "Muhammad Khan";
				TargetAttributes = {
					4D501F0C1E7B16E800F649CB = {
						CreatedOnToolsVersion = 8.2.1;
						DevelopmentTeam = BFW29W59H3;
						ProvisioningStyle = Automatic;
					};
				};
			};
			buildConfigurationList = 4D501F081E7B16E700F649CB /* Build configuration list for PBXProject "WeatherApp" */;
			compatibilityVersion = "Xcode 3.2";
			developmentRegion = English;
			hasScannedForEncodings = 0;
			knownRegions = (
				en,
				Base,
			);
			mainGroup = 4D501F041E7B16E700F649CB;
			productRefGroup = 4D501F0E1E7B16E800F649CB /* Products */;
			projectDirPath = "";
			projectRoot = "";
			targets = (
				4D501F0C1E7B16E800F649CB /* WeatherApp */,
			);
		};
/* End PBXProject section */

/* Begin PBXResourcesBuildPhase section */
		4D501F0B1E7B16E800F649CB /* Resources */ = {
			isa = PBXResourcesBuildPhase;
			buildActionMask = 2147483647;
			files = (
				4D501F1B1E7B16E800F649CB /* LaunchScreen.storyboard in Resources */,
				4D501F181E7B16E800F649CB /* Assets.xcassets in Resources */,
				4D501F161E7B16E800F649CB /* Main.storyboard in Resources */,
			);
			runOnlyForDeploymentPostprocessing = 0;
		};
/* End PBXResourcesBuildPhase section */

/* Begin PBXShellScriptBuildPhase section */
		1CA2B4341D8DD123C5B8FF1B /* [CP] Check Pods Manifest.lock */ = {
			isa = PBXShellScriptBuildPhase;
			buildActionMask = 2147483647;
			files = (
			);
			inputPaths = (
			);
			name = "[CP] Check Pods Manifest.lock";
			outputPaths = (
			);
			runOnlyForDeploymentPostprocessing = 0;
			shellPath = /bin/sh;
			shellScript = "diff \"${PODS_ROOT}/../Podfile.lock\" \"${PODS_ROOT}/Manifest.lock\" > /dev/null\nif [ $? != 0 ] ; then\n    # print error to STDERR\n    echo \"error: The sandbox is not in sync with the Podfile.lock. Run 'pod install' or update your CocoaPods installation.\" >&2\n    exit 1\nfi\n";
			showEnvVarsInLog = 0;
		};
		4B804FEE2DE97A223D5E4835 /* [CP] Copy Pods Resources */ = {
			isa = PBXShellScriptBuildPhase;
			buildActionMask = 2147483647;
			files = (
			);
			inputPaths = (
			);
			name = "[CP] Copy Pods Resources";
			outputPaths = (
			);
			runOnlyForDeploymentPostprocessing = 0;
			shellPath = /bin/sh;
			shellScript = "\"${SRCROOT}/Pods/Target Support Files/Pods-WeatherApp/Pods-WeatherApp-resources.sh\"\n";
			showEnvVarsInLog = 0;
		};
		8546BB3FF6F0E90F93AC8263 /* [CP] Embed Pods Frameworks */ = {
			isa = PBXShellScriptBuildPhase;
			buildActionMask = 2147483647;
			files = (
			);
			inputPaths = (
			);
			name = "[CP] Embed Pods Frameworks";
			outputPaths = (
			);
			runOnlyForDeploymentPostprocessing = 0;
			shellPath = /bin/sh;
			shellScript = "\"${SRCROOT}/Pods/Target Support Files/Pods-WeatherApp/Pods-WeatherApp-frameworks.sh\"\n";
			showEnvVarsInLog = 0;
		};
/* End PBXShellScriptBuildPhase section */

/* Begin PBXSourcesBuildPhase section */
		4D501F091E7B16E800F649CB /* Sources */ = {
			isa = PBXSourcesBuildPhase;
			buildActionMask = 2147483647;
			files = (
				4D501F131E7B16E800F649CB /* WeatherVC.swift in Sources */,
				4D501F111E7B16E800F649CB /* AppDelegate.swift in Sources */,
				4D0810E31E7D1C9E007D15CC /* CurrentWeather.swift in Sources */,
				4D0810E11E7D18E8007D15CC /* Constants.swift in Sources */,
			);
			runOnlyForDeploymentPostprocessing = 0;
		};
/* End PBXSourcesBuildPhase section */

/* Begin PBXVariantGroup section */
		4D501F141E7B16E800F649CB /* Main.storyboard */ = {
			isa = PBXVariantGroup;
			children = (
				4D501F151E7B16E800F649CB /* Base */,
			);
			name = Main.storyboard;
			sourceTree = "<group>";
		};
		4D501F191E7B16E800F649CB /* LaunchScreen.storyboard */ = {
			isa = PBXVariantGroup;
			children = (
				4D501F1A1E7B16E800F649CB /* Base */,
			);
			name = LaunchScreen.storyboard;
			sourceTree = "<group>";
		};
/* End PBXVariantGroup section */

/* Begin XCBuildConfiguration section */
		4D501F1D1E7B16E800F649CB /* Debug */ = {
			isa = XCBuildConfiguration;
			buildSettings = {
				ALWAYS_SEARCH_USER_PATHS = NO;
				CLANG_ANALYZER_NONNULL = YES;
				CLANG_CXX_LANGUAGE_STANDARD = "gnu++0x";
				CLANG_CXX_LIBRARY = "libc++";
				CLANG_ENABLE_MODULES = YES;
				CLANG_ENABLE_OBJC_ARC = YES;
				CLANG_WARN_BOOL_CONVERSION = YES;
				CLANG_WARN_CONSTANT_CONVERSION = YES;
				CLANG_WARN_DIRECT_OBJC_ISA_USAGE = YES_ERROR;
				CLANG_WARN_DOCUMENTATION_COMMENTS = YES;
				CLANG_WARN_EMPTY_BODY = YES;
				CLANG_WARN_ENUM_CONVERSION = YES;
				CLANG_WARN_INFINITE_RECURSION = YES;
				CLANG_WARN_INT_CONVERSION = YES;
				CLANG_WARN_OBJC_ROOT_CLASS = YES_ERROR;
				CLANG_WARN_SUSPICIOUS_MOVE = YES;
				CLANG_WARN_UNREACHABLE_CODE = YES;
				CLANG_WARN__DUPLICATE_METHOD_MATCH = YES;
				"CODE_SIGN_IDENTITY[sdk=iphoneos*]" = "iPhone Developer";
				COPY_PHASE_STRIP = NO;
				DEBUG_INFORMATION_FORMAT = dwarf;
				ENABLE_STRICT_OBJC_MSGSEND = YES;
				ENABLE_TESTABILITY = YES;
				GCC_C_LANGUAGE_STANDARD = gnu99;
				GCC_DYNAMIC_NO_PIC = NO;
				GCC_NO_COMMON_BLOCKS = YES;
				GCC_OPTIMIZATION_LEVEL = 0;
				GCC_PREPROCESSOR_DEFINITIONS = (
					"DEBUG=1",
					"$(inherited)",
				);
				GCC_WARN_64_TO_32_BIT_CONVERSION = YES;
				GCC_WARN_ABOUT_RETURN_TYPE = YES_ERROR;
				GCC_WARN_UNDECLARED_SELECTOR = YES;
				GCC_WARN_UNINITIALIZED_AUTOS = YES_AGGRESSIVE;
				GCC_WARN_UNUSED_FUNCTION = YES;
				GCC_WARN_UNUSED_VARIABLE = YES;
				IPHONEOS_DEPLOYMENT_TARGET = 10.2;
				MTL_ENABLE_DEBUG_INFO = YES;
				ONLY_ACTIVE_ARCH = YES;
				SDKROOT = iphoneos;
				SWIFT_ACTIVE_COMPILATION_CONDITIONS = DEBUG;
				SWIFT_OPTIMIZATION_LEVEL = "-Onone";
			};
			name = Debug;
		};
		4D501F1E1E7B16E800F649CB /* Release */ = {
			isa = XCBuildConfiguration;
			buildSettings = {
				ALWAYS_SEARCH_USER_PATHS = NO;
				CLANG_ANALYZER_NONNULL = YES;
				CLANG_CXX_LANGUAGE_STANDARD = "gnu++0x";
				CLANG_CXX_LIBRARY = "libc++";
				CLANG_ENABLE_MODULES = YES;
				CLANG_ENABLE_OBJC_ARC = YES;
				CLANG_WARN_BOOL_CONVERSION = YES;
				CLANG_WARN_CONSTANT_CONVERSION = YES;
				CLANG_WARN_DIRECT_OBJC_ISA_USAGE = YES_ERROR;
				CLANG_WARN_DOCUMENTATION_COMMENTS = YES;
				CLANG_WARN_EMPTY_BODY = YES;
				CLANG_WARN_ENUM_CONVERSION = YES;
				CLANG_WARN_INFINITE_RECURSION = YES;
				CLANG_WARN_INT_CONVERSION = YES;
				CLANG_WARN_OBJC_ROOT_CLASS = YES_ERROR;
				CLANG_WARN_SUSPICIOUS_MOVE = YES;
				CLANG_WARN_UNREACHABLE_CODE = YES;
				CLANG_WARN__DUPLICATE_METHOD_MATCH = YES;
				"CODE_SIGN_IDENTITY[sdk=iphoneos*]" = "iPhone Developer";
				COPY_PHASE_STRIP = NO;
				DEBUG_INFORMATION_FORMAT = "dwarf-with-dsym";
				ENABLE_NS_ASSERTIONS = NO;
				ENABLE_STRICT_OBJC_MSGSEND = YES;
				GCC_C_LANGUAGE_STANDARD = gnu99;
				GCC_NO_COMMON_BLOCKS = YES;
				GCC_WARN_64_TO_32_BIT_CONVERSION = YES;
				GCC_WARN_ABOUT_RETURN_TYPE = YES_ERROR;
				GCC_WARN_UNDECLARED_SELECTOR = YES;
				GCC_WARN_UNINITIALIZED_AUTOS = YES_AGGRESSIVE;
				GCC_WARN_UNUSED_FUNCTION = YES;
				GCC_WARN_UNUSED_VARIABLE = YES;
				IPHONEOS_DEPLOYMENT_TARGET = 10.2;
				MTL_ENABLE_DEBUG_INFO = NO;
				SDKROOT = iphoneos;
				SWIFT_OPTIMIZATION_LEVEL = "-Owholemodule";
				VALIDATE_PRODUCT = YES;
			};
			name = Release;
		};
		4D501F201E7B16E800F649CB /* Debug */ = {
			isa = XCBuildConfiguration;
			baseConfigurationReference = ED31E611E0E6576B1336C9FE /* Pods-WeatherApp.debug.xcconfig */;
			buildSettings = {
				ASSETCATALOG_COMPILER_APPICON_NAME = AppIcon;
				DEVELOPMENT_TEAM = BFW29W59H3;
				INFOPLIST_FILE = WeatherApp/Info.plist;
				LD_RUNPATH_SEARCH_PATHS = "$(inherited) @executable_path/Frameworks";
				PRODUCT_BUNDLE_IDENTIFIER = com.mkapps.WeatherApp;
				PRODUCT_NAME = "$(TARGET_NAME)";
				SWIFT_VERSION = 3.0;
			};
			name = Debug;
		};
		4D501F211E7B16E800F649CB /* Release */ = {
			isa = XCBuildConfiguration;
			baseConfigurationReference = 2AD75F9A11E5FCFED0DE988D /* Pods-WeatherApp.release.xcconfig */;
			buildSettings = {
				ASSETCATALOG_COMPILER_APPICON_NAME = AppIcon;
				DEVELOPMENT_TEAM = BFW29W59H3;
				INFOPLIST_FILE = WeatherApp/Info.plist;
				LD_RUNPATH_SEARCH_PATHS = "$(inherited) @executable_path/Frameworks";
				PRODUCT_BUNDLE_IDENTIFIER = com.mkapps.WeatherApp;
				PRODUCT_NAME = "$(TARGET_NAME)";
				SWIFT_VERSION = 3.0;
			};
			name = Release;
		};
/* End XCBuildConfiguration section */

/* Begin XCConfigurationList section */
		4D501F081E7B16E700F649CB /* Build configuration list for PBXProject "WeatherApp" */ = {
			isa = XCConfigurationList;
			buildConfigurations = (
				4D501F1D1E7B16E800F649CB /* Debug */,
				4D501F1E1E7B16E800F649CB /* Release */,
			);
			defaultConfigurationIsVisible = 0;
			defaultConfigurationName = Release;
		};
		4D501F1F1E7B16E800F649CB /* Build configuration list for PBXNativeTarget "WeatherApp" */ = {
			isa = XCConfigurationList;
			buildConfigurations = (
				4D501F201E7B16E800F649CB /* Debug */,
				4D501F211E7B16E800F649CB /* Release */,
			);
			defaultConfigurationIsVisible = 0;
			defaultConfigurationName = Release;
		};
/* End XCConfigurationList section */
	};
	rootObject = 4D501F051E7B16E700F649CB /* Project object */;
}
