// !$*UTF8*$!
{
	archiveVersion = 1;
	classes = {
	};
	objectVersion = 46;
	objects = {

/* Begin PBXBuildFile section */
		4D35FC821E915AF90052784A /* AppDelegate.swift in Sources */ = {isa = PBXBuildFile; fileRef = 4D35FC811E915AF90052784A /* AppDelegate.swift */; };
		4D35FC841E915AF90052784A /* ViewController.swift in Sources */ = {isa = PBXBuildFile; fileRef = 4D35FC831E915AF90052784A /* ViewController.swift */; };
		4D35FC871E915AF90052784A /* Main.storyboard in Resources */ = {isa = PBXBuildFile; fileRef = 4D35FC851E915AF90052784A /* Main.storyboard */; };
		4D35FC891E915AF90052784A /* Assets.xcassets in Resources */ = {isa = PBXBuildFile; fileRef = 4D35FC881E915AF90052784A /* Assets.xcassets */; };
		4D35FC8C1E915AF90052784A /* LaunchScreen.storyboard in Resources */ = {isa = PBXBuildFile; fileRef = 4D35FC8A1E915AF90052784A /* LaunchScreen.storyboard */; };
/* End PBXBuildFile section */

/* Begin PBXFileReference section */
		4D35FC7E1E915AF90052784A /* TestAppOne.app */ = {isa = PBXFileReference; explicitFileType = wrapper.application; includeInIndex = 0; path = TestAppOne.app; sourceTree = BUILT_PRODUCTS_DIR; };
		4D35FC811E915AF90052784A /* AppDelegate.swift */ = {isa = PBXFileReference; lastKnownFileType = sourcecode.swift; path = AppDelegate.swift; sourceTree = "<group>"; };
		4D35FC831E915AF90052784A /* ViewController.swift */ = {isa = PBXFileReference; lastKnownFileType = sourcecode.swift; path = ViewController.swift; sourceTree = "<group>"; };
		4D35FC861E915AF90052784A /* Base */ = {isa = PBXFileReference; lastKnownFileType = file.storyboard; name = Base; path = Base.lproj/Main.storyboard; sourceTree = "<group>"; };
		4D35FC881E915AF90052784A /* Assets.xcassets */ = {isa = PBXFileReference; lastKnownFileType = folder.assetcatalog; path = Assets.xcassets; sourceTree = "<group>"; };
		4D35FC8B1E915AF90052784A /* Base */ = {isa = PBXFileReference; lastKnownFileType = file.storyboard; name = Base; path = Base.lproj/LaunchScreen.storyboard; sourceTree = "<group>"; };
		4D35FC8D1E915AF90052784A /* Info.plist */ = {isa = PBXFileReference; lastKnownFileType = text.plist.xml; path = Info.plist; sourceTree = "<group>"; };
/* End PBXFileReference section */

/* Begin PBXFrameworksBuildPhase section */
		4D35FC7B1E915AF90052784A /* Frameworks */ = {
			isa = PBXFrameworksBuildPhase;
			buildActionMask = 2147483647;
			files = (
			);
			runOnlyForDeploymentPostprocessing = 0;
		};
/* End PBXFrameworksBuildPhase section */

/* Begin PBXGroup section */
		4D35FC751E915AF90052784A = {
			isa = PBXGroup;
			children = (
				4D35FC801E915AF90052784A /* TestAppOne */,
				4D35FC7F1E915AF90052784A /* Products */,
			);
			sourceTree = "<group>";
		};
		4D35FC7F1E915AF90052784A /* Products */ = {
			isa = PBXGroup;
			children = (
				4D35FC7E1E915AF90052784A /* TestAppOne.app */,
			);
			name = Products;
			sourceTree = "<group>";
		};
		4D35FC801E915AF90052784A /* TestAppOne */ = {
			isa = PBXGroup;
			children = (
				4D35FC811E915AF90052784A /* AppDelegate.swift */,
				4D35FC831E915AF90052784A /* ViewController.swift */,
				4D35FC851E915AF90052784A /* Main.storyboard */,
				4D35FC881E915AF90052784A /* Assets.xcassets */,
				4D35FC8A1E915AF90052784A /* LaunchScreen.storyboard */,
				4D35FC8D1E915AF90052784A /* Info.plist */,
			);
			path = TestAppOne;
			sourceTree = "<group>";
		};
/* End PBXGroup section */

/* Begin PBXNativeTarget section */
		4D35FC7D1E915AF90052784A /* TestAppOne */ = {
			isa = PBXNativeTarget;
			buildConfigurationList = 4D35FC901E915AF90052784A /* Build configuration list for PBXNativeTarget "TestAppOne" */;
			buildPhases = (
				4D35FC7A1E915AF90052784A /* Sources */,
				4D35FC7B1E915AF90052784A /* Frameworks */,
				4D35FC7C1E915AF90052784A /* Resources */,
			);
			buildRules = (
			);
			dependencies = (
			);
			name = TestAppOne;
			productName = TestAppOne;
			productReference = 4D35FC7E1E915AF90052784A /* TestAppOne.app */;
			productType = "com.apple.product-type.application";
		};
/* End PBXNativeTarget section */

/* Begin PBXProject section */
		4D35FC761E915AF90052784A /* Project object */ = {
			isa = PBXProject;
			attributes = {
				LastSwiftUpdateCheck = 0830;
				LastUpgradeCheck = 0830;
				ORGANIZATIONNAME = "Muhammad Khan";
				TargetAttributes = {
					4D35FC7D1E915AF90052784A = {
						CreatedOnToolsVersion = 8.3;
						DevelopmentTeam = BFW29W59H3;
						ProvisioningStyle = Automatic;
					};
				};
			};
			buildConfigurationList = 4D35FC791E915AF90052784A /* Build configuration list for PBXProject "TestAppOne" */;
			compatibilityVersion = "Xcode 3.2";
			developmentRegion = English;
			hasScannedForEncodings = 0;
			knownRegions = (
				en,
				Base,
			);
			mainGroup = 4D35FC751E915AF90052784A;
			productRefGroup = 4D35FC7F1E915AF90052784A /* Products */;
			projectDirPath = "";
			projectRoot = "";
			targets = (
				4D35FC7D1E915AF90052784A /* TestAppOne */,
			);
		};
/* End PBXProject section */

/* Begin PBXResourcesBuildPhase section */
		4D35FC7C1E915AF90052784A /* Resources */ = {
			isa = PBXResourcesBuildPhase;
			buildActionMask = 2147483647;
			files = (
				4D35FC8C1E915AF90052784A /* LaunchScreen.storyboard in Resources */,
				4D35FC891E915AF90052784A /* Assets.xcassets in Resources */,
				4D35FC871E915AF90052784A /* Main.storyboard in Resources */,
			);
			runOnlyForDeploymentPostprocessing = 0;
		};
/* End PBXResourcesBuildPhase section */

/* Begin PBXSourcesBuildPhase section */
		4D35FC7A1E915AF90052784A /* Sources */ = {
			isa = PBXSourcesBuildPhase;
			buildActionMask = 2147483647;
			files = (
				4D35FC841E915AF90052784A /* ViewController.swift in Sources */,
				4D35FC821E915AF90052784A /* AppDelegate.swift in Sources */,
			);
			runOnlyForDeploymentPostprocessing = 0;
		};
/* End PBXSourcesBuildPhase section */

/* Begin PBXVariantGroup section */
		4D35FC851E915AF90052784A /* Main.storyboard */ = {
			isa = PBXVariantGroup;
			children = (
				4D35FC861E915AF90052784A /* Base */,
			);
			name = Main.storyboard;
			sourceTree = "<group>";
		};
		4D35FC8A1E915AF90052784A /* LaunchScreen.storyboard */ = {
			isa = PBXVariantGroup;
			children = (
				4D35FC8B1E915AF90052784A /* Base */,
			);
			name = LaunchScreen.storyboard;
			sourceTree = "<group>";
		};
/* End PBXVariantGroup section */

/* Begin XCBuildConfiguration section */
		4D35FC8E1E915AF90052784A /* Debug */ = {
			isa = XCBuildConfiguration;
			buildSettings = {
				ALWAYS_SEARCH_USER_PATHS = NO;
				CLANG_ANALYZER_NONNULL = YES;
				CLANG_ANALYZER_NUMBER_OBJECT_CONVERSION = YES_AGGRESSIVE;
				CLANG_CXX_LANGUAGE_STANDARD = "gnu++0x";
				CLANG_CXX_LIBRARY = "libc++";
				CLANG_ENABLE_MODULES = YES;
				CLANG_ENABLE_OBJC_ARC = YES;
				CLANG_WARN_BOOL_CONVERSION = YES;
				CLANG_WARN_CONSTANT_CONVERSION = YES;
				CLANG_WARN_DIRECT_OBJC_ISA_USAGE = YES_ERROR;
				CLANG_WARN_DOCUMENTATION_COMMENTS = YES;
				CLANG_WARN_EMPTY_BODY = YES;
				CLANG_WARN_ENUM_CONVERSION = YES;
				CLANG_WARN_INFINITE_RECURSION = YES;
				CLANG_WARN_INT_CONVERSION = YES;
				CLANG_WARN_OBJC_ROOT_CLASS = YES_ERROR;
				CLANG_WARN_SUSPICIOUS_MOVE = YES;
				CLANG_WARN_UNREACHABLE_CODE = YES;
				CLANG_WARN__DUPLICATE_METHOD_MATCH = YES;
				"CODE_SIGN_IDENTITY[sdk=iphoneos*]" = "iPhone Developer";
				COPY_PHASE_STRIP = NO;
				DEBUG_INFORMATION_FORMAT = dwarf;
				ENABLE_STRICT_OBJC_MSGSEND = YES;
				ENABLE_TESTABILITY = YES;
				GCC_C_LANGUAGE_STANDARD = gnu99;
				GCC_DYNAMIC_NO_PIC = NO;
				GCC_NO_COMMON_BLOCKS = YES;
				GCC_OPTIMIZATION_LEVEL = 0;
				GCC_PREPROCESSOR_DEFINITIONS = (
					"DEBUG=1",
					"$(inherited)",
				);
				GCC_WARN_64_TO_32_BIT_CONVERSION = YES;
				GCC_WARN_ABOUT_RETURN_TYPE = YES_ERROR;
				GCC_WARN_UNDECLARED_SELECTOR = YES;
				GCC_WARN_UNINITIALIZED_AUTOS = YES_AGGRESSIVE;
				GCC_WARN_UNUSED_FUNCTION = YES;
				GCC_WARN_UNUSED_VARIABLE = YES;
				IPHONEOS_DEPLOYMENT_TARGET = 10.3;
				MTL_ENABLE_DEBUG_INFO = YES;
				ONLY_ACTIVE_ARCH = YES;
				SDKROOT = iphoneos;
				SWIFT_ACTIVE_COMPILATION_CONDITIONS = DEBUG;
				SWIFT_OPTIMIZATION_LEVEL = "-Onone";
			};
			name = Debug;
		};
		4D35FC8F1E915AF90052784A /* Release */ = {
			isa = XCBuildConfiguration;
			buildSettings = {
				ALWAYS_SEARCH_USER_PATHS = NO;
				CLANG_ANALYZER_NONNULL = YES;
				CLANG_ANALYZER_NUMBER_OBJECT_CONVERSION = YES_AGGRESSIVE;
				CLANG_CXX_LANGUAGE_STANDARD = "gnu++0x";
				CLANG_CXX_LIBRARY = "libc++";
				CLANG_ENABLE_MODULES = YES;
				CLANG_ENABLE_OBJC_ARC = YES;
				CLANG_WARN_BOOL_CONVERSION = YES;
				CLANG_WARN_CONSTANT_CONVERSION = YES;
				CLANG_WARN_DIRECT_OBJC_ISA_USAGE = YES_ERROR;
				CLANG_WARN_DOCUMENTATION_COMMENTS = YES;
				CLANG_WARN_EMPTY_BODY = YES;
				CLANG_WARN_ENUM_CONVERSION = YES;
				CLANG_WARN_INFINITE_RECURSION = YES;
				CLANG_WARN_INT_CONVERSION = YES;
				CLANG_WARN_OBJC_ROOT_CLASS = YES_ERROR;
				CLANG_WARN_SUSPICIOUS_MOVE = YES;
				CLANG_WARN_UNREACHABLE_CODE = YES;
				CLANG_WARN__DUPLICATE_METHOD_MATCH = YES;
				"CODE_SIGN_IDENTITY[sdk=iphoneos*]" = "iPhone Developer";
				COPY_PHASE_STRIP = NO;
				DEBUG_INFORMATION_FORMAT = "dwarf-with-dsym";
				ENABLE_NS_ASSERTIONS = NO;
				ENABLE_STRICT_OBJC_MSGSEND = YES;
				GCC_C_LANGUAGE_STANDARD = gnu99;
				GCC_NO_COMMON_BLOCKS = YES;
				GCC_WARN_64_TO_32_BIT_CONVERSION = YES;
				GCC_WARN_ABOUT_RETURN_TYPE = YES_ERROR;
				GCC_WARN_UNDECLARED_SELECTOR = YES;
				GCC_WARN_UNINITIALIZED_AUTOS = YES_AGGRESSIVE;
				GCC_WARN_UNUSED_FUNCTION = YES;
				GCC_WARN_UNUSED_VARIABLE = YES;
				IPHONEOS_DEPLOYMENT_TARGET = 10.3;
				MTL_ENABLE_DEBUG_INFO = NO;
				SDKROOT = iphoneos;
				SWIFT_OPTIMIZATION_LEVEL = "-Owholemodule";
				VALIDATE_PRODUCT = YES;
			};
			name = Release;
		};
		4D35FC911E915AF90052784A /* Debug */ = {
			isa = XCBuildConfiguration;
			buildSettings = {
				ASSETCATALOG_COMPILER_APPICON_NAME = AppIcon;
				DEVELOPMENT_TEAM = BFW29W59H3;
				INFOPLIST_FILE = TestAppOne/Info.plist;
				LD_RUNPATH_SEARCH_PATHS = "$(inherited) @executable_path/Frameworks";
				PRODUCT_BUNDLE_IDENTIFIER = com.mkapps.TestAppOne;
				PRODUCT_NAME = "$(TARGET_NAME)";
				SWIFT_VERSION = 3.0;
			};
			name = Debug;
		};
		4D35FC921E915AF90052784A /* Release */ = {
			isa = XCBuildConfiguration;
			buildSettings = {
				ASSETCATALOG_COMPILER_APPICON_NAME = AppIcon;
				DEVELOPMENT_TEAM = BFW29W59H3;
				INFOPLIST_FILE = TestAppOne/Info.plist;
				LD_RUNPATH_SEARCH_PATHS = "$(inherited) @executable_path/Frameworks";
				PRODUCT_BUNDLE_IDENTIFIER = com.mkapps.TestAppOne;
				PRODUCT_NAME = "$(TARGET_NAME)";
				SWIFT_VERSION = 3.0;
			};
			name = Release;
		};
/* End XCBuildConfiguration section */

/* Begin XCConfigurationList section */
		4D35FC791E915AF90052784A /* Build configuration list for PBXProject "TestAppOne" */ = {
			isa = XCConfigurationList;
			buildConfigurations = (
				4D35FC8E1E915AF90052784A /* Debug */,
				4D35FC8F1E915AF90052784A /* Release */,
			);
			defaultConfigurationIsVisible = 0;
			defaultConfigurationName = Release;
		};
		4D35FC901E915AF90052784A /* Build configuration list for PBXNativeTarget "TestAppOne" */ = {
			isa = XCConfigurationList;
			buildConfigurations = (
				4D35FC911E915AF90052784A /* Debug */,
				4D35FC921E915AF90052784A /* Release */,
			);
			defaultConfigurationIsVisible = 0;
		};
/* End XCConfigurationList section */
	};
	rootObject = 4D35FC761E915AF90052784A /* Project object */;
}
